
Microsoft Visual Studio Solution File, Format Version 12.00
# Visual Studio Version 16
VisualStudioVersion = 16.0.32002.261
MinimumVisualStudioVersion = 10.0.40219.1
Project("{2150E333-8FDC-42A3-9474-1A3956D46DE8}") = "Divers", "Divers", "{467C20D0-3422-4B57-AB23-632CA049214B}"
	ProjectSection(SolutionItems) = preProject
		Divers\Aide.txt = Divers\Aide.txt
		Divers\TestKeeModules2.cs = Divers\TestKeeModules2.cs
		version.recette.txt = version.recette.txt
	EndProjectSection
EndProject
Project("{2150E333-8FDC-42A3-9474-1A3956D46DE8}") = "Applications", "Applications", "{D8F2542D-AAD1-4D43-9640-8ACB9FC92D41}"
EndProject
Project("{2150E333-8FDC-42A3-9474-1A3956D46DE8}") = "Librairies", "Librairies", "{87CF9C47-56A1-4946-8694-5A678776634A}"
EndProject
Project("{2150E333-8FDC-42A3-9474-1A3956D46DE8}") = "LibExternes", "LibExternes", "{11B33F00-AE4D-4491-BB5C-07C6BFA24F35}"
	ProjectSection(SolutionItems) = preProject
		Librairies\LibExternes\KeePassLib.dll = Librairies\LibExternes\KeePassLib.dll
	EndProjectSection
EndProject
Project("{2150E333-8FDC-42A3-9474-1A3956D46DE8}") = "LibMetier", "LibMetier", "{791B2756-2FAC-4E89-B7EA-FAE16BE2B6F6}"
EndProject
Project("{2150E333-8FDC-42A3-9474-1A3956D46DE8}") = "LibAdo", "LibAdo", "{9AE2F6C0-EB6E-41DA-8421-E9F910D7CA0E}"
EndProject
Project("{2150E333-8FDC-42A3-9474-1A3956D46DE8}") = "LibIU", "LibIU", "{9B1A266E-8013-41EA-9EB4-434DB7760BA1}"
EndProject
Project("{FAE04EC0-301F-11D3-BF4B-00C04F79EFBC}") = "LibMetGestionMdp", "Librairies\LibMetier\LibMetGestionMdp\LibMetGestionMdp.csproj", "{257E0891-A95E-4C8F-98D5-21C4B4073E48}"
EndProject
Project("{FAE04EC0-301F-11D3-BF4B-00C04F79EFBC}") = "LibCommune", "Librairies\LibCommunes\LibCommune.csproj", "{DE77B83F-798F-4662-B866-2A2C83B42B0C}"
EndProject
Project("{FAE04EC0-301F-11D3-BF4B-00C04F79EFBC}") = "LibAdoCrypto", "Librairies\LibMetier\LibMetCrypto\LibAdoCrypto.csproj", "{4625CDA4-505B-482C-94E5-380D12DE184E}"
EndProject
Project("{FAE04EC0-301F-11D3-BF4B-00C04F79EFBC}") = "RdKeepExport", "Applications\RdKeepExport\RdKeepExport.csproj", "{4BF64EF2-1D9D-4E0D-84BA-FD36C698B82B}"
EndProject
Project("{FAE04EC0-301F-11D3-BF4B-00C04F79EFBC}") = "GenererMdp", "Applications\GenererMdp\GenererMdp.csproj", "{3A1F6771-2212-4F82-B43A-D480444EB79E}"
EndProject
Project("{FAE04EC0-301F-11D3-BF4B-00C04F79EFBC}") = "LibAdoFichiers", "Librairies\LibAdo\LibAdoFichiers\LibAdoFichiers.csproj", "{1E6BCFAF-5673-409E-B121-00DB07E15136}"
EndProject
Project("{FAE04EC0-301F-11D3-BF4B-00C04F79EFBC}") = "LibInterfaceUti", "Librairies\LibIU\LibInterfaceUti\LibInterfaceUti.csproj", "{8A1C166B-889B-4B90-8C69-CEB5E89609A9}"
EndProject
Project("{FAE04EC0-301F-11D3-BF4B-00C04F79EFBC}") = "LibAdoBDMdp", "Librairies\LibAdo\LibAdoBDMdp\LibAdoBDMdp.csproj", "{A7C7140D-53FB-4E71-95FA-D05208B9C277}"
EndProject
Project("{FAE04EC0-301F-11D3-BF4B-00C04F79EFBC}") = "LibMetGestionBDMdp", "Librairies\LibMetier\LibMetGestionBDMdp\LibMetGestionBDMdp.csproj", "{2097E9B8-9391-4ED6-9BA6-A9FD2E6D0D22}"
EndProject
Project("{FAE04EC0-301F-11D3-BF4B-00C04F79EFBC}") = "LibAdoGenerateurMdp", "Librairies\LibAdo\LibAdoGenerateurMdp\LibAdoGenerateurMdp.csproj", "{D4C391EC-A363-40D7-98E2-2349F48C55AE}"
EndProject
Project("{FAE04EC0-301F-11D3-BF4B-00C04F79EFBC}") = "LibMetExchangeDonnee", "Librairies\LibMetier\LibMetExchangeDonnee\LibMetExchangeDonnee.csproj", "{555A86C5-6624-4F69-A19A-65DBFB731BB0}"
EndProject
Global
	GlobalSection(SolutionConfigurationPlatforms) = preSolution
		Debug|Any CPU = Debug|Any CPU
		Release|Any CPU = Release|Any CPU
	EndGlobalSection
	GlobalSection(ProjectConfigurationPlatforms) = postSolution
		{257E0891-A95E-4C8F-98D5-21C4B4073E48}.Debug|Any CPU.ActiveCfg = Debug|Any CPU
		{257E0891-A95E-4C8F-98D5-21C4B4073E48}.Debug|Any CPU.Build.0 = Debug|Any CPU
		{257E0891-A95E-4C8F-98D5-21C4B4073E48}.Release|Any CPU.ActiveCfg = Release|Any CPU
		{257E0891-A95E-4C8F-98D5-21C4B4073E48}.Release|Any CPU.Build.0 = Release|Any CPU
		{DE77B83F-798F-4662-B866-2A2C83B42B0C}.Debug|Any CPU.ActiveCfg = Debug|Any CPU
		{DE77B83F-798F-4662-B866-2A2C83B42B0C}.Debug|Any CPU.Build.0 = Debug|Any CPU
		{DE77B83F-798F-4662-B866-2A2C83B42B0C}.Release|Any CPU.ActiveCfg = Release|Any CPU
		{DE77B83F-798F-4662-B866-2A2C83B42B0C}.Release|Any CPU.Build.0 = Release|Any CPU
		{4625CDA4-505B-482C-94E5-380D12DE184E}.Debug|Any CPU.ActiveCfg = Debug|Any CPU
		{4625CDA4-505B-482C-94E5-380D12DE184E}.Debug|Any CPU.Build.0 = Debug|Any CPU
		{4625CDA4-505B-482C-94E5-380D12DE184E}.Release|Any CPU.ActiveCfg = Release|Any CPU
		{4625CDA4-505B-482C-94E5-380D12DE184E}.Release|Any CPU.Build.0 = Release|Any CPU
		{4BF64EF2-1D9D-4E0D-84BA-FD36C698B82B}.Debug|Any CPU.ActiveCfg = Debug|Any CPU
		{4BF64EF2-1D9D-4E0D-84BA-FD36C698B82B}.Debug|Any CPU.Build.0 = Debug|Any CPU
		{4BF64EF2-1D9D-4E0D-84BA-FD36C698B82B}.Release|Any CPU.ActiveCfg = Release|Any CPU
		{4BF64EF2-1D9D-4E0D-84BA-FD36C698B82B}.Release|Any CPU.Build.0 = Release|Any CPU
		{3A1F6771-2212-4F82-B43A-D480444EB79E}.Debug|Any CPU.ActiveCfg = Debug|Any CPU
		{3A1F6771-2212-4F82-B43A-D480444EB79E}.Debug|Any CPU.Build.0 = Debug|Any CPU
		{3A1F6771-2212-4F82-B43A-D480444EB79E}.Release|Any CPU.ActiveCfg = Release|Any CPU
		{3A1F6771-2212-4F82-B43A-D480444EB79E}.Release|Any CPU.Build.0 = Release|Any CPU
		{1E6BCFAF-5673-409E-B121-00DB07E15136}.Debug|Any CPU.ActiveCfg = Debug|Any CPU
		{1E6BCFAF-5673-409E-B121-00DB07E15136}.Debug|Any CPU.Build.0 = Debug|Any CPU
		{1E6BCFAF-5673-409E-B121-00DB07E15136}.Release|Any CPU.ActiveCfg = Release|Any CPU
		{1E6BCFAF-5673-409E-B121-00DB07E15136}.Release|Any CPU.Build.0 = Release|Any CPU
		{8A1C166B-889B-4B90-8C69-CEB5E89609A9}.Debug|Any CPU.ActiveCfg = Debug|Any CPU
		{8A1C166B-889B-4B90-8C69-CEB5E89609A9}.Debug|Any CPU.Build.0 = Debug|Any CPU
		{8A1C166B-889B-4B90-8C69-CEB5E89609A9}.Release|Any CPU.ActiveCfg = Release|Any CPU
		{8A1C166B-889B-4B90-8C69-CEB5E89609A9}.Release|Any CPU.Build.0 = Release|Any CPU
		{A7C7140D-53FB-4E71-95FA-D05208B9C277}.Debug|Any CPU.ActiveCfg = Debug|Any CPU
		{A7C7140D-53FB-4E71-95FA-D05208B9C277}.Debug|Any CPU.Build.0 = Debug|Any CPU
		{A7C7140D-53FB-4E71-95FA-D05208B9C277}.Release|Any CPU.ActiveCfg = Release|Any CPU
		{A7C7140D-53FB-4E71-95FA-D05208B9C277}.Release|Any CPU.Build.0 = Release|Any CPU
		{2097E9B8-9391-4ED6-9BA6-A9FD2E6D0D22}.Debug|Any CPU.ActiveCfg = Debug|Any CPU
		{2097E9B8-9391-4ED6-9BA6-A9FD2E6D0D22}.Debug|Any CPU.Build.0 = Debug|Any CPU
		{2097E9B8-9391-4ED6-9BA6-A9FD2E6D0D22}.Release|Any CPU.ActiveCfg = Release|Any CPU
		{2097E9B8-9391-4ED6-9BA6-A9FD2E6D0D22}.Release|Any CPU.Build.0 = Release|Any CPU
		{D4C391EC-A363-40D7-98E2-2349F48C55AE}.Debug|Any CPU.ActiveCfg = Debug|Any CPU
		{D4C391EC-A363-40D7-98E2-2349F48C55AE}.Debug|Any CPU.Build.0 = Debug|Any CPU
		{D4C391EC-A363-40D7-98E2-2349F48C55AE}.Release|Any CPU.ActiveCfg = Release|Any CPU
		{D4C391EC-A363-40D7-98E2-2349F48C55AE}.Release|Any CPU.Build.0 = Release|Any CPU
		{555A86C5-6624-4F69-A19A-65DBFB731BB0}.Debug|Any CPU.ActiveCfg = Debug|Any CPU
		{555A86C5-6624-4F69-A19A-65DBFB731BB0}.Debug|Any CPU.Build.0 = Debug|Any CPU
		{555A86C5-6624-4F69-A19A-65DBFB731BB0}.Release|Any CPU.ActiveCfg = Release|Any CPU
		{555A86C5-6624-4F69-A19A-65DBFB731BB0}.Release|Any CPU.Build.0 = Release|Any CPU
	EndGlobalSection
	GlobalSection(SolutionProperties) = preSolution
		HideSolutionNode = FALSE
	EndGlobalSection
	GlobalSection(NestedProjects) = preSolution
		{11B33F00-AE4D-4491-BB5C-07C6BFA24F35} = {87CF9C47-56A1-4946-8694-5A678776634A}
		{791B2756-2FAC-4E89-B7EA-FAE16BE2B6F6} = {87CF9C47-56A1-4946-8694-5A678776634A}
		{9AE2F6C0-EB6E-41DA-8421-E9F910D7CA0E} = {87CF9C47-56A1-4946-8694-5A678776634A}
		{9B1A266E-8013-41EA-9EB4-434DB7760BA1} = {87CF9C47-56A1-4946-8694-5A678776634A}
		{257E0891-A95E-4C8F-98D5-21C4B4073E48} = {791B2756-2FAC-4E89-B7EA-FAE16BE2B6F6}
		{DE77B83F-798F-4662-B866-2A2C83B42B0C} = {87CF9C47-56A1-4946-8694-5A678776634A}
		{4625CDA4-505B-482C-94E5-380D12DE184E} = {9AE2F6C0-EB6E-41DA-8421-E9F910D7CA0E}
		{4BF64EF2-1D9D-4E0D-84BA-FD36C698B82B} = {D8F2542D-AAD1-4D43-9640-8ACB9FC92D41}
		{3A1F6771-2212-4F82-B43A-D480444EB79E} = {D8F2542D-AAD1-4D43-9640-8ACB9FC92D41}
		{1E6BCFAF-5673-409E-B121-00DB07E15136} = {9AE2F6C0-EB6E-41DA-8421-E9F910D7CA0E}
		{8A1C166B-889B-4B90-8C69-CEB5E89609A9} = {9B1A266E-8013-41EA-9EB4-434DB7760BA1}
		{A7C7140D-53FB-4E71-95FA-D05208B9C277} = {9AE2F6C0-EB6E-41DA-8421-E9F910D7CA0E}
		{2097E9B8-9391-4ED6-9BA6-A9FD2E6D0D22} = {791B2756-2FAC-4E89-B7EA-FAE16BE2B6F6}
		{D4C391EC-A363-40D7-98E2-2349F48C55AE} = {9AE2F6C0-EB6E-41DA-8421-E9F910D7CA0E}
		{555A86C5-6624-4F69-A19A-65DBFB731BB0} = {791B2756-2FAC-4E89-B7EA-FAE16BE2B6F6}
	EndGlobalSection
	GlobalSection(ExtensibilityGlobals) = postSolution
		SolutionGuid = {0D9916DD-822A-464A-B6CB-5A025C1A8B4B}
	EndGlobalSection
EndGlobal
